{
  "name": "tree-sitter-cabin",
  "version": "0.1.0",
  "lockfileVersion": 3,
  "requires": true,
  "packages": {
    "": {
      "name": "tree-sitter-cabin",
      "version": "0.1.0",
      "hasInstallScript": true,
      "license": "LGPL",
      "dependencies": {
        "node-addon-api": "8.2.2",
        "node-gyp-build": "4.8.4"
      },
      "devDependencies": {
        "tree-sitter-cli": "0.24.4"
      },
      "peerDependencies": {
        "tree-sitter": "0.22.1"
      }
    },
    "node_modules/node-addon-api": {
      "version": "8.2.2",
      "resolved": "https://registry.npmjs.org/node-addon-api/-/node-addon-api-8.2.2.tgz",
      "integrity": "sha512-9emqXAKhVoNrQ792nLI/wpzPpJ/bj/YXxW0CvAau1+RdGBcCRF1Dmz7719zgVsQNrzHl9Tzn3ImZ4qWFarWL0A==",
      "license": "MIT",
      "engines": {
        "node": "^18 || ^20 || >= 21"
      }
    },
    "node_modules/node-gyp-build": {
      "version": "4.8.4",
      "resolved": "https://registry.npmjs.org/node-gyp-build/-/node-gyp-build-4.8.4.tgz",
      "integrity": "sha512-LA4ZjwlnUblHVgq0oBF3Jl/6h/Nvs5fzBLwdEF4nuxnFdsfajde4WfxtJr3CaiH+F6ewcIB/q4jQ4UzPyid+CQ==",
      "license": "MIT",
      "bin": {
        "node-gyp-build": "bin.js",
        "node-gyp-build-optional": "optional.js",
        "node-gyp-build-test": "build-test.js"
      }
    },
    "node_modules/tree-sitter": {
      "version": "0.22.1",
      "resolved": "https://registry.npmjs.org/tree-sitter/-/tree-sitter-0.22.1.tgz",
      "integrity": "sha512-gRO+jk2ljxZlIn20QRskIvpLCMtzuLl5T0BY6L9uvPYD17uUrxlxWkvYCiVqED2q2q7CVtY52Uex4WcYo2FEXw==",
      "hasInstallScript": true,
      "license": "MIT",
      "peer": true,
      "dependencies": {
        "node-addon-api": "^8.2.1",
        "node-gyp-build": "^4.8.2"
      }
    },
    "node_modules/tree-sitter-cli": {
      "version": "0.24.4",
      "resolved": "https://registry.npmjs.org/tree-sitter-cli/-/tree-sitter-cli-0.24.4.tgz",
      "integrity": "sha512-I4sdtDidnujYL0tR0Re9q0UJt5KrITf2m+GMHjT4LH6IC6kpM6eLzSR7RS36Z4t5ZQBjDHvg2QUJHAWQi3P2TA==",
      "dev": true,
      "hasInstallScript": true,
      "license": "MIT",
      "bin": {
        "tree-sitter": "cli.js"
      },
      "engines": {
        "node": ">=12.0.0"
      }
    }
  }
}
